
Microsoft Visual Studio Solution File, Format Version 12.00
# Visual Studio Version 17
VisualStudioVersion = 17.11.35303.130
MinimumVisualStudioVersion = 10.0.40219.1
Project("{8BC9CEB8-8B4A-11D0-8D11-00A0C91BC942}") = "magic_numbers", "magic_numbers.vcxproj", "{C7B9F19E-4E96-4C24-92B7-4BC1B8507085}"
EndProject
Global
	GlobalSection(SolutionConfigurationPlatforms) = preSolution
		Debug|x64 = Debug|x64
		Debug|x86 = Debug|x86
		Release|x64 = Release|x64
		Release|x86 = Release|x86
	EndGlobalSection
	GlobalSection(ProjectConfigurationPlatforms) = postSolution
		{C7B9F19E-4E96-4C24-92B7-4BC1B8507085}.Debug|x64.ActiveCfg = Debug|x64
		{C7B9F19E-4E96-4C24-92B7-4BC1B8507085}.Debug|x64.Build.0 = Debug|x64
		{C7B9F19E-4E96-4C24-92B7-4BC1B8507085}.Debug|x86.ActiveCfg = Debug|Win32
		{C7B9F19E-4E96-4C24-92B7-4BC1B8507085}.Debug|x86.Build.0 = Debug|Win32
		{C7B9F19E-4E96-4C24-92B7-4BC1B8507085}.Release|x64.ActiveCfg = Release|x64
		{C7B9F19E-4E96-4C24-92B7-4BC1B8507085}.Release|x64.Build.0 = Release|x64
		{C7B9F19E-4E96-4C24-92B7-4BC1B8507085}.Release|x86.ActiveCfg = Release|Win32
		{C7B9F19E-4E96-4C24-92B7-4BC1B8507085}.Release|x86.Build.0 = Release|Win32
	EndGlobalSection
	GlobalSection(SolutionProperties) = preSolution
		HideSolutionNode = FALSE
	EndGlobalSection
	GlobalSection(ExtensibilityGlobals) = postSolution
		SolutionGuid = {4C006F42-D5B6-4C69-B274-EB6CF6825271}
	EndGlobalSection
EndGlobal
